
Microsoft Visual Studio Solution File, Format Version 12.00
# Visual Studio 15
VisualStudioVersion = 15.0.28010.2003
MinimumVisualStudioVersion = 10.0.40219.1
Project("{FAE04EC0-301F-11D3-BF4B-00C04F79EFBC}") = "BrokenListview.Android", "BrokenListview\BrokenListview.Android\BrokenListview.Android.csproj", "{A6F6B30A-5729-468D-AE87-383DE57DB892}"
EndProject
Project("{FAE04EC0-301F-11D3-BF4B-00C04F79EFBC}") = "BrokenListview.iOS", "BrokenListview\BrokenListview.iOS\BrokenListview.iOS.csproj", "{C0F11B1A-A106-4762-8CBB-0EFDA2ED2B16}"
EndProject
Project("{FAE04EC0-301F-11D3-BF4B-00C04F79EFBC}") = "BrokenListview", "BrokenListview\BrokenListview\BrokenListview.csproj", "{76BBB891-A52A-40A8-BC7C-18517D3B345C}"
EndProject
Global
	GlobalSection(SolutionConfigurationPlatforms) = preSolution
		Ad-Hoc|Any CPU = Ad-Hoc|Any CPU
		Ad-Hoc|iPhone = Ad-Hoc|iPhone
		Ad-Hoc|iPhoneSimulator = Ad-Hoc|iPhoneSimulator
		AppStore|Any CPU = AppStore|Any CPU
		AppStore|iPhone = AppStore|iPhone
		AppStore|iPhoneSimulator = AppStore|iPhoneSimulator
		Debug|Any CPU = Debug|Any CPU
		Debug|iPhone = Debug|iPhone
		Debug|iPhoneSimulator = Debug|iPhoneSimulator
		Release|Any CPU = Release|Any CPU
		Release|iPhone = Release|iPhone
		Release|iPhoneSimulator = Release|iPhoneSimulator
	EndGlobalSection
	GlobalSection(ProjectConfigurationPlatforms) = postSolution
		{A6F6B30A-5729-468D-AE87-383DE57DB892}.Ad-Hoc|Any CPU.ActiveCfg = Release|Any CPU
		{A6F6B30A-5729-468D-AE87-383DE57DB892}.Ad-Hoc|Any CPU.Build.0 = Release|Any CPU
		{A6F6B30A-5729-468D-AE87-383DE57DB892}.Ad-Hoc|Any CPU.Deploy.0 = Release|Any CPU
		{A6F6B30A-5729-468D-AE87-383DE57DB892}.Ad-Hoc|iPhone.ActiveCfg = Release|Any CPU
		{A6F6B30A-5729-468D-AE87-383DE57DB892}.Ad-Hoc|iPhone.Build.0 = Release|Any CPU
		{A6F6B30A-5729-468D-AE87-383DE57DB892}.Ad-Hoc|iPhone.Deploy.0 = Release|Any CPU
		{A6F6B30A-5729-468D-AE87-383DE57DB892}.Ad-Hoc|iPhoneSimulator.ActiveCfg = Release|Any CPU
		{A6F6B30A-5729-468D-AE87-383DE57DB892}.Ad-Hoc|iPhoneSimulator.Build.0 = Release|Any CPU
		{A6F6B30A-5729-468D-AE87-383DE57DB892}.Ad-Hoc|iPhoneSimulator.Deploy.0 = Release|Any CPU
		{A6F6B30A-5729-468D-AE87-383DE57DB892}.AppStore|Any CPU.ActiveCfg = Release|Any CPU
		{A6F6B30A-5729-468D-AE87-383DE57DB892}.AppStore|Any CPU.Build.0 = Release|Any CPU
		{A6F6B30A-5729-468D-AE87-383DE57DB892}.AppStore|Any CPU.Deploy.0 = Release|Any CPU
		{A6F6B30A-5729-468D-AE87-383DE57DB892}.AppStore|iPhone.ActiveCfg = Release|Any CPU
		{A6F6B30A-5729-468D-AE87-383DE57DB892}.AppStore|iPhone.Build.0 = Release|Any CPU
		{A6F6B30A-5729-468D-AE87-383DE57DB892}.AppStore|iPhone.Deploy.0 = Release|Any CPU
		{A6F6B30A-5729-468D-AE87-383DE57DB892}.AppStore|iPhoneSimulator.ActiveCfg = Release|Any CPU
		{A6F6B30A-5729-468D-AE87-383DE57DB892}.AppStore|iPhoneSimulator.Build.0 = Release|Any CPU
		{A6F6B30A-5729-468D-AE87-383DE57DB892}.AppStore|iPhoneSimulator.Deploy.0 = Release|Any CPU
		{A6F6B30A-5729-468D-AE87-383DE57DB892}.Debug|Any CPU.ActiveCfg = Debug|Any CPU
		{A6F6B30A-5729-468D-AE87-383DE57DB892}.Debug|Any CPU.Build.0 = Debug|Any CPU
		{A6F6B30A-5729-468D-AE87-383DE57DB892}.Debug|Any CPU.Deploy.0 = Debug|Any CPU
		{A6F6B30A-5729-468D-AE87-383DE57DB892}.Debug|iPhone.ActiveCfg = Debug|Any CPU
		{A6F6B30A-5729-468D-AE87-383DE57DB892}.Debug|iPhone.Build.0 = Debug|Any CPU
		{A6F6B30A-5729-468D-AE87-383DE57DB892}.Debug|iPhone.Deploy.0 = Debug|Any CPU
		{A6F6B30A-5729-468D-AE87-383DE57DB892}.Debug|iPhoneSimulator.ActiveCfg = Debug|Any CPU
		{A6F6B30A-5729-468D-AE87-383DE57DB892}.Debug|iPhoneSimulator.Build.0 = Debug|Any CPU
		{A6F6B30A-5729-468D-AE87-383DE57DB892}.Debug|iPhoneSimulator.Deploy.0 = Debug|Any CPU
		{A6F6B30A-5729-468D-AE87-383DE57DB892}.Release|Any CPU.ActiveCfg = Release|Any CPU
		{A6F6B30A-5729-468D-AE87-383DE57DB892}.Release|Any CPU.Build.0 = Release|Any CPU
		{A6F6B30A-5729-468D-AE87-383DE57DB892}.Release|Any CPU.Deploy.0 = Release|Any CPU
		{A6F6B30A-5729-468D-AE87-383DE57DB892}.Release|iPhone.ActiveCfg = Release|Any CPU
		{A6F6B30A-5729-468D-AE87-383DE57DB892}.Release|iPhone.Build.0 = Release|Any CPU
		{A6F6B30A-5729-468D-AE87-383DE57DB892}.Release|iPhone.Deploy.0 = Release|Any CPU
		{A6F6B30A-5729-468D-AE87-383DE57DB892}.Release|iPhoneSimulator.ActiveCfg = Release|Any CPU
		{A6F6B30A-5729-468D-AE87-383DE57DB892}.Release|iPhoneSimulator.Build.0 = Release|Any CPU
		{A6F6B30A-5729-468D-AE87-383DE57DB892}.Release|iPhoneSimulator.Deploy.0 = Release|Any CPU
		{C0F11B1A-A106-4762-8CBB-0EFDA2ED2B16}.Ad-Hoc|Any CPU.ActiveCfg = Ad-Hoc|iPhone
		{C0F11B1A-A106-4762-8CBB-0EFDA2ED2B16}.Ad-Hoc|Any CPU.Build.0 = Ad-Hoc|iPhone
		{C0F11B1A-A106-4762-8CBB-0EFDA2ED2B16}.Ad-Hoc|Any CPU.Deploy.0 = Ad-Hoc|iPhone
		{C0F11B1A-A106-4762-8CBB-0EFDA2ED2B16}.Ad-Hoc|iPhone.ActiveCfg = Ad-Hoc|iPhone
		{C0F11B1A-A106-4762-8CBB-0EFDA2ED2B16}.Ad-Hoc|iPhone.Build.0 = Ad-Hoc|iPhone
		{C0F11B1A-A106-4762-8CBB-0EFDA2ED2B16}.Ad-Hoc|iPhone.Deploy.0 = Ad-Hoc|iPhone
		{C0F11B1A-A106-4762-8CBB-0EFDA2ED2B16}.Ad-Hoc|iPhoneSimulator.ActiveCfg = Ad-Hoc|iPhoneSimulator
		{C0F11B1A-A106-4762-8CBB-0EFDA2ED2B16}.Ad-Hoc|iPhoneSimulator.Build.0 = Ad-Hoc|iPhoneSimulator
		{C0F11B1A-A106-4762-8CBB-0EFDA2ED2B16}.Ad-Hoc|iPhoneSimulator.Deploy.0 = Ad-Hoc|iPhoneSimulator
		{C0F11B1A-A106-4762-8CBB-0EFDA2ED2B16}.AppStore|Any CPU.ActiveCfg = AppStore|iPhone
		{C0F11B1A-A106-4762-8CBB-0EFDA2ED2B16}.AppStore|Any CPU.Build.0 = AppStore|iPhone
		{C0F11B1A-A106-4762-8CBB-0EFDA2ED2B16}.AppStore|Any CPU.Deploy.0 = AppStore|iPhone
		{C0F11B1A-A106-4762-8CBB-0EFDA2ED2B16}.AppStore|iPhone.ActiveCfg = AppStore|iPhone
		{C0F11B1A-A106-4762-8CBB-0EFDA2ED2B16}.AppStore|iPhone.Build.0 = AppStore|iPhone
		{C0F11B1A-A106-4762-8CBB-0EFDA2ED2B16}.AppStore|iPhone.Deploy.0 = AppStore|iPhone
		{C0F11B1A-A106-4762-8CBB-0EFDA2ED2B16}.AppStore|iPhoneSimulator.ActiveCfg = AppStore|iPhoneSimulator
		{C0F11B1A-A106-4762-8CBB-0EFDA2ED2B16}.AppStore|iPhoneSimulator.Build.0 = AppStore|iPhoneSimulator
		{C0F11B1A-A106-4762-8CBB-0EFDA2ED2B16}.AppStore|iPhoneSimulator.Deploy.0 = AppStore|iPhoneSimulator
		{C0F11B1A-A106-4762-8CBB-0EFDA2ED2B16}.Debug|Any CPU.ActiveCfg = Debug|iPhoneSimulator
		{C0F11B1A-A106-4762-8CBB-0EFDA2ED2B16}.Debug|Any CPU.Build.0 = Debug|iPhoneSimulator
		{C0F11B1A-A106-4762-8CBB-0EFDA2ED2B16}.Debug|Any CPU.Deploy.0 = Debug|iPhoneSimulator
		{C0F11B1A-A106-4762-8CBB-0EFDA2ED2B16}.Debug|iPhone.ActiveCfg = Debug|iPhone
		{C0F11B1A-A106-4762-8CBB-0EFDA2ED2B16}.Debug|iPhone.Build.0 = Debug|iPhone
		{C0F11B1A-A106-4762-8CBB-0EFDA2ED2B16}.Debug|iPhone.Deploy.0 = Debug|iPhone
		{C0F11B1A-A106-4762-8CBB-0EFDA2ED2B16}.Debug|iPhoneSimulator.ActiveCfg = Debug|iPhoneSimulator
		{C0F11B1A-A106-4762-8CBB-0EFDA2ED2B16}.Debug|iPhoneSimulator.Build.0 = Debug|iPhoneSimulator
		{C0F11B1A-A106-4762-8CBB-0EFDA2ED2B16}.Debug|iPhoneSimulator.Deploy.0 = Debug|iPhoneSimulator
		{C0F11B1A-A106-4762-8CBB-0EFDA2ED2B16}.Release|Any CPU.ActiveCfg = Release|iPhone
		{C0F11B1A-A106-4762-8CBB-0EFDA2ED2B16}.Release|Any CPU.Build.0 = Release|iPhone
		{C0F11B1A-A106-4762-8CBB-0EFDA2ED2B16}.Release|Any CPU.Deploy.0 = Release|iPhone
		{C0F11B1A-A106-4762-8CBB-0EFDA2ED2B16}.Release|iPhone.ActiveCfg = Release|iPhone
		{C0F11B1A-A106-4762-8CBB-0EFDA2ED2B16}.Release|iPhone.Build.0 = Release|iPhone
		{C0F11B1A-A106-4762-8CBB-0EFDA2ED2B16}.Release|iPhone.Deploy.0 = Release|iPhone
		{C0F11B1A-A106-4762-8CBB-0EFDA2ED2B16}.Release|iPhoneSimulator.ActiveCfg = Release|iPhoneSimulator
		{C0F11B1A-A106-4762-8CBB-0EFDA2ED2B16}.Release|iPhoneSimulator.Build.0 = Release|iPhoneSimulator
		{C0F11B1A-A106-4762-8CBB-0EFDA2ED2B16}.Release|iPhoneSimulator.Deploy.0 = Release|iPhoneSimulator
		{76BBB891-A52A-40A8-BC7C-18517D3B345C}.Ad-Hoc|Any CPU.ActiveCfg = Debug|Any CPU
		{76BBB891-A52A-40A8-BC7C-18517D3B345C}.Ad-Hoc|Any CPU.Build.0 = Debug|Any CPU
		{76BBB891-A52A-40A8-BC7C-18517D3B345C}.Ad-Hoc|Any CPU.Deploy.0 = Debug|Any CPU
		{76BBB891-A52A-40A8-BC7C-18517D3B345C}.Ad-Hoc|iPhone.ActiveCfg = Debug|Any CPU
		{76BBB891-A52A-40A8-BC7C-18517D3B345C}.Ad-Hoc|iPhone.Build.0 = Debug|Any CPU
		{76BBB891-A52A-40A8-BC7C-18517D3B345C}.Ad-Hoc|iPhone.Deploy.0 = Debug|Any CPU
		{76BBB891-A52A-40A8-BC7C-18517D3B345C}.Ad-Hoc|iPhoneSimulator.ActiveCfg = Debug|Any CPU
		{76BBB891-A52A-40A8-BC7C-18517D3B345C}.Ad-Hoc|iPhoneSimulator.Build.0 = Debug|Any CPU
		{76BBB891-A52A-40A8-BC7C-18517D3B345C}.Ad-Hoc|iPhoneSimulator.Deploy.0 = Debug|Any CPU
		{76BBB891-A52A-40A8-BC7C-18517D3B345C}.AppStore|Any CPU.ActiveCfg = Debug|Any CPU
		{76BBB891-A52A-40A8-BC7C-18517D3B345C}.AppStore|Any CPU.Build.0 = Debug|Any CPU
		{76BBB891-A52A-40A8-BC7C-18517D3B345C}.AppStore|Any CPU.Deploy.0 = Debug|Any CPU
		{76BBB891-A52A-40A8-BC7C-18517D3B345C}.AppStore|iPhone.ActiveCfg = Debug|Any CPU
		{76BBB891-A52A-40A8-BC7C-18517D3B345C}.AppStore|iPhone.Build.0 = Debug|Any CPU
		{76BBB891-A52A-40A8-BC7C-18517D3B345C}.AppStore|iPhone.Deploy.0 = Debug|Any CPU
		{76BBB891-A52A-40A8-BC7C-18517D3B345C}.AppStore|iPhoneSimulator.ActiveCfg = Debug|Any CPU
		{76BBB891-A52A-40A8-BC7C-18517D3B345C}.AppStore|iPhoneSimulator.Build.0 = Debug|Any CPU
		{76BBB891-A52A-40A8-BC7C-18517D3B345C}.AppStore|iPhoneSimulator.Deploy.0 = Debug|Any CPU
		{76BBB891-A52A-40A8-BC7C-18517D3B345C}.Debug|Any CPU.ActiveCfg = Debug|Any CPU
		{76BBB891-A52A-40A8-BC7C-18517D3B345C}.Debug|Any CPU.Build.0 = Debug|Any CPU
		{76BBB891-A52A-40A8-BC7C-18517D3B345C}.Debug|Any CPU.Deploy.0 = Debug|Any CPU
		{76BBB891-A52A-40A8-BC7C-18517D3B345C}.Debug|iPhone.ActiveCfg = Debug|Any CPU
		{76BBB891-A52A-40A8-BC7C-18517D3B345C}.Debug|iPhone.Build.0 = Debug|Any CPU
		{76BBB891-A52A-40A8-BC7C-18517D3B345C}.Debug|iPhone.Deploy.0 = Debug|Any CPU
		{76BBB891-A52A-40A8-BC7C-18517D3B345C}.Debug|iPhoneSimulator.ActiveCfg = Debug|Any CPU
		{76BBB891-A52A-40A8-BC7C-18517D3B345C}.Debug|iPhoneSimulator.Build.0 = Debug|Any CPU
		{76BBB891-A52A-40A8-BC7C-18517D3B345C}.Debug|iPhoneSimulator.Deploy.0 = Debug|Any CPU
		{76BBB891-A52A-40A8-BC7C-18517D3B345C}.Release|Any CPU.ActiveCfg = Release|Any CPU
		{76BBB891-A52A-40A8-BC7C-18517D3B345C}.Release|Any CPU.Build.0 = Release|Any CPU
		{76BBB891-A52A-40A8-BC7C-18517D3B345C}.Release|Any CPU.Deploy.0 = Release|Any CPU
		{76BBB891-A52A-40A8-BC7C-18517D3B345C}.Release|iPhone.ActiveCfg = Release|Any CPU
		{76BBB891-A52A-40A8-BC7C-18517D3B345C}.Release|iPhone.Build.0 = Release|Any CPU
		{76BBB891-A52A-40A8-BC7C-18517D3B345C}.Release|iPhone.Deploy.0 = Release|Any CPU
		{76BBB891-A52A-40A8-BC7C-18517D3B345C}.Release|iPhoneSimulator.ActiveCfg = Release|Any CPU
		{76BBB891-A52A-40A8-BC7C-18517D3B345C}.Release|iPhoneSimulator.Build.0 = Release|Any CPU
		{76BBB891-A52A-40A8-BC7C-18517D3B345C}.Release|iPhoneSimulator.Deploy.0 = Release|Any CPU
	EndGlobalSection
	GlobalSection(SolutionProperties) = preSolution
		HideSolutionNode = FALSE
	EndGlobalSection
	GlobalSection(ExtensibilityGlobals) = postSolution
		SolutionGuid = {A0DAFDE5-0D84-414E-BE7A-DF0DC2B6AB91}
	EndGlobalSection
EndGlobal
